// !$*UTF8*$!
{
	archiveVersion = 1;
	classes = {
	};
	objectVersion = 54;
	objects = {

/* Begin PBXBuildFile section */
		0C80B921A6F3F58F76C31292 /* libPods-project.a in Frameworks */ = {isa = PBXBuildFile; fileRef = 5DCACB8F33CDC322A6C60F78 /* libPods-project.a */; };
		13B07FBF1A68108700A75B9A /* Images.xcassets in Resources */ = {isa = PBXBuildFile; fileRef = 13B07FB51A68108700A75B9A /* Images.xcassets */; };
		761780ED2CA45674006654EE /* AppDelegate.swift in Sources */ = {isa = PBXBuildFile; fileRef = 761780EC2CA45674006654EE /* AppDelegate.swift */; };
		81AB9BB82411601600AC10FF /* LaunchScreen.storyboard in Resources */ = {isa = PBXBuildFile; fileRef = 81AB9BB72411601600AC10FF /* LaunchScreen.storyboard */; };
		247906A1FC9D470AA29F9B12 /* IRANSans(FaNum).ttf in Resources */ = {isa = PBXBuildFile; fileRef = 57F876D2CD2B47638471B946 /* IRANSans(FaNum).ttf */; };
		5A93215700E84721A6111F3E /* IRANSans(FaNum)_Black.ttf in Resources */ = {isa = PBXBuildFile; fileRef = D7AE8C91901043C3A551FEE7 /* IRANSans(FaNum)_Black.ttf */; };
		63F8552815194E2D9BDC3D89 /* IRANSans(FaNum)_Bold.ttf in Resources */ = {isa = PBXBuildFile; fileRef = 129DD9DAD63E4407BC256758 /* IRANSans(FaNum)_Bold.ttf */; };
		0C1249401A9D4AAFA95EB326 /* IRANSans(FaNum)_Light.ttf in Resources */ = {isa = PBXBuildFile; fileRef = 43C005AA14C841C0A5C037F9 /* IRANSans(FaNum)_Light.ttf */; };
		393571C4CC9B459E94ECA5C6 /* IRANSans(FaNum)_Medium.ttf in Resources */ = {isa = PBXBuildFile; fileRef = 9F9B3CF788354579A1B8157C /* IRANSans(FaNum)_Medium.ttf */; };
		8FD4254A19024EF38A1E7481 /* IRANSans(FaNum)_UltraLight.ttf in Resources */ = {isa = PBXBuildFile; fileRef = 2035FF5E96714B7EA20EF93A /* IRANSans(FaNum)_UltraLight.ttf */; };
		F67C1B24508645CDAA82BA59 /* IRANSans.ttf in Resources */ = {isa = PBXBuildFile; fileRef = 81921FB3A77446C2A947556B /* IRANSans.ttf */; };
		9E7BED0DA3504BD2B52EEF96 /* IRANSans_Black.ttf in Resources */ = {isa = PBXBuildFile; fileRef = A894F602B41D4530886AC340 /* IRANSans_Black.ttf */; };
		70315F051905418F8C896DDB /* IRANSans_Bold.ttf in Resources */ = {isa = PBXBuildFile; fileRef = 8B529B34053D4B19956B27F6 /* IRANSans_Bold.ttf */; };
		ED1B431AC1BB4A85AE8F86C4 /* IRANSans_Light.ttf in Resources */ = {isa = PBXBuildFile; fileRef = 9920210F21734CE9A717077C /* IRANSans_Light.ttf */; };
		220D6A0D694441A192E4ECF4 /* IRANSans_Medium.ttf in Resources */ = {isa = PBXBuildFile; fileRef = AE6725C973CA4E2384CDBE77 /* IRANSans_Medium.ttf */; };
		0F8C517DA6364CE4B94EEF69 /* IRANSans_UltraLight.ttf in Resources */ = {isa = PBXBuildFile; fileRef = 2A034EACA95C44B2A0861777 /* IRANSans_UltraLight.ttf */; };
		6D18A0FA3C9A4C97A3D1C435 /* YekanBakhFaNum-Black.ttf in Resources */ = {isa = PBXBuildFile; fileRef = A199462AEC6E44B094EECCDA /* YekanBakhFaNum-Black.ttf */; };
		078F5F57545B47C0A1D61023 /* YekanBakhFaNum-Bold.ttf in Resources */ = {isa = PBXBuildFile; fileRef = 24743C29B3764DF983E65E1C /* YekanBakhFaNum-Bold.ttf */; };
		2EAEAEA05AB0427B854CF49B /* YekanBakhFaNum-ExtraBlack.ttf in Resources */ = {isa = PBXBuildFile; fileRef = E0F1547FA8164F7382B35288 /* YekanBakhFaNum-ExtraBlack.ttf */; };
		2AF1A90C09B24B6199F9181F /* YekanBakhFaNum-ExtraBold.ttf in Resources */ = {isa = PBXBuildFile; fileRef = D5FA624C03454C87894150A7 /* YekanBakhFaNum-ExtraBold.ttf */; };
		DA6C9326FDDB4C1188A315E6 /* YekanBakhFaNum-Light.ttf in Resources */ = {isa = PBXBuildFile; fileRef = 0D563AC3E9D04FE1AFF2A4F1 /* YekanBakhFaNum-Light.ttf */; };
		EB76F023AC38462A8377EE7D /* YekanBakhFaNum-Regular.ttf in Resources */ = {isa = PBXBuildFile; fileRef = 32A399B4C7B54FB38B4853DD /* YekanBakhFaNum-Regular.ttf */; };
		238607C96DA24CBC84141DC8 /* YekanBakhFaNum-SemiBold.ttf in Resources */ = {isa = PBXBuildFile; fileRef = 1F4B5B5EBF1644359A94070C /* YekanBakhFaNum-SemiBold.ttf */; };
		90BDC5823EA94E269A65350B /* YekanBakhFaNum-Thin.ttf in Resources */ = {isa = PBXBuildFile; fileRef = D744AAB1966949F78ADECA8A /* YekanBakhFaNum-Thin.ttf */; };
		C6C2B0EDE95E415D92DF48DD /* Dana-Black.ttf in Resources */ = {isa = PBXBuildFile; fileRef = A89D7CA33E374B1BB8F5A925 /* Dana-Black.ttf */; };
		CA8110E7D2EC4633B8162893 /* Dana-Bold.ttf in Resources */ = {isa = PBXBuildFile; fileRef = 20F079DBA42546619927A604 /* Dana-Bold.ttf */; };
		72A061B419A14CF487124CD2 /* DanaFaNum-Black.ttf in Resources */ = {isa = PBXBuildFile; fileRef = 1696E0FE78F74DB6B81C869A /* DanaFaNum-Black.ttf */; };
		93F7D3C22DB5449487C5F6B7 /* DanaFaNum-Bold.ttf in Resources */ = {isa = PBXBuildFile; fileRef = EF734DD08DC143949CB40C99 /* DanaFaNum-Bold.ttf */; };
		B5846BCBB3824D4B8698F67C /* IRANYekanWebBlack.ttf in Resources */ = {isa = PBXBuildFile; fileRef = E89F7E89869C4E5088AEDDF0 /* IRANYekanWebBlack.ttf */; };
		DAE5609B2ACF43C3AD826513 /* IRANYekanWebBlackFaNum.ttf in Resources */ = {isa = PBXBuildFile; fileRef = D10928F3F28041FA9282D062 /* IRANYekanWebBlackFaNum.ttf */; };
		A9191A45BB50428D84B391F3 /* IRANYekanWebExtraBlack.ttf in Resources */ = {isa = PBXBuildFile; fileRef = AF32A6917A414BA1B2A74DD8 /* IRANYekanWebExtraBlack.ttf */; };
		D6938628CEB8418F83F399B2 /* IRANYekanWebExtraBlackFaNum.ttf in Resources */ = {isa = PBXBuildFile; fileRef = 0CB9D63AA8684282A3965306 /* IRANYekanWebExtraBlackFaNum.ttf */; };
		F3C3FEF702154201985C5EC9 /* IRANYekanWebExtraBold.ttf in Resources */ = {isa = PBXBuildFile; fileRef = 87963F1080054415B9A5110D /* IRANYekanWebExtraBold.ttf */; };
		DAE9EDF5077D4F56B0A4B7B8 /* IRANYekanX-Bold.ttf in Resources */ = {isa = PBXBuildFile; fileRef = 4162A183901046F1A7795466 /* IRANYekanX-Bold.ttf */; };
		19DFD4BF5B1A4A8E889E4D60 /* KalamehWeb_Black.ttf in Resources */ = {isa = PBXBuildFile; fileRef = FAA8B735DCD2415C9A637AC4 /* KalamehWeb_Black.ttf */; };
		EF6B47A5E3E5484DB1B88D82 /* KalamehWeb_Bold.ttf in Resources */ = {isa = PBXBuildFile; fileRef = 691A7AE2DB3B4656A4372F33 /* KalamehWeb_Bold.ttf */; };
		131F5FD2E64D430FBB852398 /* Peyda-Black.ttf in Resources */ = {isa = PBXBuildFile; fileRef = F701954BBF6A4B4E9BEA6B46 /* Peyda-Black.ttf */; };
		DA67207721CE446786083D73 /* Peyda-Bold.ttf in Resources */ = {isa = PBXBuildFile; fileRef = 1B3F207382C548AFBA691618 /* Peyda-Bold.ttf */; };
		7F6898E3E59B45F9A7E85042 /* Peyda-ExtraBold.ttf in Resources */ = {isa = PBXBuildFile; fileRef = EF09EB044BF44F2CBD2BAD0E /* Peyda-ExtraBold.ttf */; };
		355AA6875A87457CB36D6B63 /* PeydaFaNum-Black.ttf in Resources */ = {isa = PBXBuildFile; fileRef = FAB533D282764190BCA609C5 /* PeydaFaNum-Black.ttf */; };
		B923B8CFE6CC45E8AF472706 /* PeydaFaNum-Bold.ttf in Resources */ = {isa = PBXBuildFile; fileRef = 42D32AEBC87E4DF2B4F99C1F /* PeydaFaNum-Bold.ttf */; };
		46A4D04751B340A6A297CF99 /* PeydaFaNum-ExtraBold.ttf in Resources */ = {isa = PBXBuildFile; fileRef = CA22E337CD814484BE9DCF19 /* PeydaFaNum-ExtraBold.ttf */; };
		C3E070604834432FBD3CD7C6 /* Roboto-Bold.ttf in Resources */ = {isa = PBXBuildFile; fileRef = B245CC50E1434F3386830A5C /* Roboto-Bold.ttf */; };
		D4DDD1AAD04640B5AC537F0E /* Rokh-Black.ttf in Resources */ = {isa = PBXBuildFile; fileRef = E1BE003A60494F53B03A2443 /* Rokh-Black.ttf */; };
		9216632D37BE44B3A40F82A6 /* Rokh-ExtraBold.ttf in Resources */ = {isa = PBXBuildFile; fileRef = D961481186284EC286A5853C /* Rokh-ExtraBold.ttf */; };
		1C76F8008A8C45759A827FA4 /* RokhFaNum-Black.ttf in Resources */ = {isa = PBXBuildFile; fileRef = AA35E2F6DB3C4DF3A00B18A9 /* RokhFaNum-Black.ttf */; };
		B520E034F37F4799953E753B /* RokhFaNum-ExtraBold.ttf in Resources */ = {isa = PBXBuildFile; fileRef = 8960CB996D8048F590501B3A /* RokhFaNum-ExtraBold.ttf */; };
/* End PBXBuildFile section */

/* Begin PBXContainerItemProxy section */
		00E356F41AD99517003FC87E /* PBXContainerItemProxy */ = {
			isa = PBXContainerItemProxy;
			containerPortal = 83CBB9F71A601CBA00E9B192 /* Project object */;
			proxyType = 1;
			remoteGlobalIDString = 13B07F861A680F5B00A75B9A;
			remoteInfo = project;
		};
/* End PBXContainerItemProxy section */

/* Begin PBXFileReference section */
		00E356F11AD99517003FC87E /* Info.plist */ = {isa = PBXFileReference; lastKnownFileType = text.plist.xml; path = Info.plist; sourceTree = "<group>"; };
		13B07F961A680F5B00A75B9A /* project.app */ = {isa = PBXFileReference; explicitFileType = wrapper.application; includeInIndex = 0; path = project.app; sourceTree = BUILT_PRODUCTS_DIR; };
		13B07FB51A68108700A75B9A /* Images.xcassets */ = {isa = PBXFileReference; lastKnownFileType = folder.assetcatalog; name = Images.xcassets; path = project/Images.xcassets; sourceTree = "<group>"; };
		13B07FB61A68108700A75B9A /* Info.plist */ = {isa = PBXFileReference; fileEncoding = 4; lastKnownFileType = text.plist.xml; name = Info.plist; path = project/Info.plist; sourceTree = "<group>"; };
		13B07FB81A68108700A75B9A /* PrivacyInfo.xcprivacy */ = {isa = PBXFileReference; fileEncoding = 4; lastKnownFileType = text.plist.xml; name = PrivacyInfo.xcprivacy; path = project/PrivacyInfo.xcprivacy; sourceTree = "<group>"; };
		3B4392A12AC88292D35C810B /* Pods-project.debug.xcconfig */ = {isa = PBXFileReference; includeInIndex = 1; lastKnownFileType = text.xcconfig; name = "Pods-project.debug.xcconfig"; path = "Target Support Files/Pods-project/Pods-project.debug.xcconfig"; sourceTree = "<group>"; };
		5709B34CF0A7D63546082F79 /* Pods-project.release.xcconfig */ = {isa = PBXFileReference; includeInIndex = 1; lastKnownFileType = text.xcconfig; name = "Pods-project.release.xcconfig"; path = "Target Support Files/Pods-project/Pods-project.release.xcconfig"; sourceTree = "<group>"; };
		5DCACB8F33CDC322A6C60F78 /* libPods-project.a */ = {isa = PBXFileReference; explicitFileType = archive.ar; includeInIndex = 0; path = "libPods-project.a"; sourceTree = BUILT_PRODUCTS_DIR; };
		761780EC2CA45674006654EE /* AppDelegate.swift */ = {isa = PBXFileReference; lastKnownFileType = sourcecode.swift; name = AppDelegate.swift; path = project/AppDelegate.swift; sourceTree = "<group>"; };
		81AB9BB72411601600AC10FF /* LaunchScreen.storyboard */ = {isa = PBXFileReference; fileEncoding = 4; lastKnownFileType = file.storyboard; name = LaunchScreen.storyboard; path = project/LaunchScreen.storyboard; sourceTree = "<group>"; };
		ED297162215061F000B7C4FE /* JavaScriptCore.framework */ = {isa = PBXFileReference; lastKnownFileType = wrapper.framework; name = JavaScriptCore.framework; path = System/Library/Frameworks/JavaScriptCore.framework; sourceTree = SDKROOT; };
		57F876D2CD2B47638471B946 /* IRANSans(FaNum).ttf */ = {isa = PBXFileReference; name = "IRANSans(FaNum).ttf"; path = "../src/assets/fonts/IRANSans(FaNum).ttf"; sourceTree = "<group>"; fileEncoding = undefined; lastKnownFileType = unknown; explicitFileType = undefined; includeInIndex = 0; };
		D7AE8C91901043C3A551FEE7 /* IRANSans(FaNum)_Black.ttf */ = {isa = PBXFileReference; name = "IRANSans(FaNum)_Black.ttf"; path = "../src/assets/fonts/IRANSans(FaNum)_Black.ttf"; sourceTree = "<group>"; fileEncoding = undefined; lastKnownFileType = unknown; explicitFileType = undefined; includeInIndex = 0; };
		129DD9DAD63E4407BC256758 /* IRANSans(FaNum)_Bold.ttf */ = {isa = PBXFileReference; name = "IRANSans(FaNum)_Bold.ttf"; path = "../src/assets/fonts/IRANSans(FaNum)_Bold.ttf"; sourceTree = "<group>"; fileEncoding = undefined; lastKnownFileType = unknown; explicitFileType = undefined; includeInIndex = 0; };
		43C005AA14C841C0A5C037F9 /* IRANSans(FaNum)_Light.ttf */ = {isa = PBXFileReference; name = "IRANSans(FaNum)_Light.ttf"; path = "../src/assets/fonts/IRANSans(FaNum)_Light.ttf"; sourceTree = "<group>"; fileEncoding = undefined; lastKnownFileType = unknown; explicitFileType = undefined; includeInIndex = 0; };
		9F9B3CF788354579A1B8157C /* IRANSans(FaNum)_Medium.ttf */ = {isa = PBXFileReference; name = "IRANSans(FaNum)_Medium.ttf"; path = "../src/assets/fonts/IRANSans(FaNum)_Medium.ttf"; sourceTree = "<group>"; fileEncoding = undefined; lastKnownFileType = unknown; explicitFileType = undefined; includeInIndex = 0; };
		2035FF5E96714B7EA20EF93A /* IRANSans(FaNum)_UltraLight.ttf */ = {isa = PBXFileReference; name = "IRANSans(FaNum)_UltraLight.ttf"; path = "../src/assets/fonts/IRANSans(FaNum)_UltraLight.ttf"; sourceTree = "<group>"; fileEncoding = undefined; lastKnownFileType = unknown; explicitFileType = undefined; includeInIndex = 0; };
		81921FB3A77446C2A947556B /* IRANSans.ttf */ = {isa = PBXFileReference; name = "IRANSans.ttf"; path = "../src/assets/fonts/IRANSans.ttf"; sourceTree = "<group>"; fileEncoding = undefined; lastKnownFileType = unknown; explicitFileType = undefined; includeInIndex = 0; };
		A894F602B41D4530886AC340 /* IRANSans_Black.ttf */ = {isa = PBXFileReference; name = "IRANSans_Black.ttf"; path = "../src/assets/fonts/IRANSans_Black.ttf"; sourceTree = "<group>"; fileEncoding = undefined; lastKnownFileType = unknown; explicitFileType = undefined; includeInIndex = 0; };
		8B529B34053D4B19956B27F6 /* IRANSans_Bold.ttf */ = {isa = PBXFileReference; name = "IRANSans_Bold.ttf"; path = "../src/assets/fonts/IRANSans_Bold.ttf"; sourceTree = "<group>"; fileEncoding = undefined; lastKnownFileType = unknown; explicitFileType = undefined; includeInIndex = 0; };
		9920210F21734CE9A717077C /* IRANSans_Light.ttf */ = {isa = PBXFileReference; name = "IRANSans_Light.ttf"; path = "../src/assets/fonts/IRANSans_Light.ttf"; sourceTree = "<group>"; fileEncoding = undefined; lastKnownFileType = unknown; explicitFileType = undefined; includeInIndex = 0; };
		AE6725C973CA4E2384CDBE77 /* IRANSans_Medium.ttf */ = {isa = PBXFileReference; name = "IRANSans_Medium.ttf"; path = "../src/assets/fonts/IRANSans_Medium.ttf"; sourceTree = "<group>"; fileEncoding = undefined; lastKnownFileType = unknown; explicitFileType = undefined; includeInIndex = 0; };
		2A034EACA95C44B2A0861777 /* IRANSans_UltraLight.ttf */ = {isa = PBXFileReference; name = "IRANSans_UltraLight.ttf"; path = "../src/assets/fonts/IRANSans_UltraLight.ttf"; sourceTree = "<group>"; fileEncoding = undefined; lastKnownFileType = unknown; explicitFileType = undefined; includeInIndex = 0; };
		A199462AEC6E44B094EECCDA /* YekanBakhFaNum-Black.ttf */ = {isa = PBXFileReference; name = "YekanBakhFaNum-Black.ttf"; path = "../src/assets/fonts/YekanBakhFaNum-Black.ttf"; sourceTree = "<group>"; fileEncoding = undefined; lastKnownFileType = unknown; explicitFileType = undefined; includeInIndex = 0; };
		24743C29B3764DF983E65E1C /* YekanBakhFaNum-Bold.ttf */ = {isa = PBXFileReference; name = "YekanBakhFaNum-Bold.ttf"; path = "../src/assets/fonts/YekanBakhFaNum-Bold.ttf"; sourceTree = "<group>"; fileEncoding = undefined; lastKnownFileType = unknown; explicitFileType = undefined; includeInIndex = 0; };
		E0F1547FA8164F7382B35288 /* YekanBakhFaNum-ExtraBlack.ttf */ = {isa = PBXFileReference; name = "YekanBakhFaNum-ExtraBlack.ttf"; path = "../src/assets/fonts/YekanBakhFaNum-ExtraBlack.ttf"; sourceTree = "<group>"; fileEncoding = undefined; lastKnownFileType = unknown; explicitFileType = undefined; includeInIndex = 0; };
		D5FA624C03454C87894150A7 /* YekanBakhFaNum-ExtraBold.ttf */ = {isa = PBXFileReference; name = "YekanBakhFaNum-ExtraBold.ttf"; path = "../src/assets/fonts/YekanBakhFaNum-ExtraBold.ttf"; sourceTree = "<group>"; fileEncoding = undefined; lastKnownFileType = unknown; explicitFileType = undefined; includeInIndex = 0; };
		0D563AC3E9D04FE1AFF2A4F1 /* YekanBakhFaNum-Light.ttf */ = {isa = PBXFileReference; name = "YekanBakhFaNum-Light.ttf"; path = "../src/assets/fonts/YekanBakhFaNum-Light.ttf"; sourceTree = "<group>"; fileEncoding = undefined; lastKnownFileType = unknown; explicitFileType = undefined; includeInIndex = 0; };
		32A399B4C7B54FB38B4853DD /* YekanBakhFaNum-Regular.ttf */ = {isa = PBXFileReference; name = "YekanBakhFaNum-Regular.ttf"; path = "../src/assets/fonts/YekanBakhFaNum-Regular.ttf"; sourceTree = "<group>"; fileEncoding = undefined; lastKnownFileType = unknown; explicitFileType = undefined; includeInIndex = 0; };
		1F4B5B5EBF1644359A94070C /* YekanBakhFaNum-SemiBold.ttf */ = {isa = PBXFileReference; name = "YekanBakhFaNum-SemiBold.ttf"; path = "../src/assets/fonts/YekanBakhFaNum-SemiBold.ttf"; sourceTree = "<group>"; fileEncoding = undefined; lastKnownFileType = unknown; explicitFileType = undefined; includeInIndex = 0; };
		D744AAB1966949F78ADECA8A /* YekanBakhFaNum-Thin.ttf */ = {isa = PBXFileReference; name = "YekanBakhFaNum-Thin.ttf"; path = "../src/assets/fonts/YekanBakhFaNum-Thin.ttf"; sourceTree = "<group>"; fileEncoding = undefined; lastKnownFileType = unknown; explicitFileType = undefined; includeInIndex = 0; };
		A89D7CA33E374B1BB8F5A925 /* Dana-Black.ttf */ = {isa = PBXFileReference; name = "Dana-Black.ttf"; path = "../src/assets/fonts/Dana-Black.ttf"; sourceTree = "<group>"; fileEncoding = undefined; lastKnownFileType = unknown; explicitFileType = undefined; includeInIndex = 0; };
		20F079DBA42546619927A604 /* Dana-Bold.ttf */ = {isa = PBXFileReference; name = "Dana-Bold.ttf"; path = "../src/assets/fonts/Dana-Bold.ttf"; sourceTree = "<group>"; fileEncoding = undefined; lastKnownFileType = unknown; explicitFileType = undefined; includeInIndex = 0; };
		1696E0FE78F74DB6B81C869A /* DanaFaNum-Black.ttf */ = {isa = PBXFileReference; name = "DanaFaNum-Black.ttf"; path = "../src/assets/fonts/DanaFaNum-Black.ttf"; sourceTree = "<group>"; fileEncoding = undefined; lastKnownFileType = unknown; explicitFileType = undefined; includeInIndex = 0; };
		EF734DD08DC143949CB40C99 /* DanaFaNum-Bold.ttf */ = {isa = PBXFileReference; name = "DanaFaNum-Bold.ttf"; path = "../src/assets/fonts/DanaFaNum-Bold.ttf"; sourceTree = "<group>"; fileEncoding = undefined; lastKnownFileType = unknown; explicitFileType = undefined; includeInIndex = 0; };
		E89F7E89869C4E5088AEDDF0 /* IRANYekanWebBlack.ttf */ = {isa = PBXFileReference; name = "IRANYekanWebBlack.ttf"; path = "../src/assets/fonts/IRANYekanWebBlack.ttf"; sourceTree = "<group>"; fileEncoding = undefined; lastKnownFileType = unknown; explicitFileType = undefined; includeInIndex = 0; };
		D10928F3F28041FA9282D062 /* IRANYekanWebBlackFaNum.ttf */ = {isa = PBXFileReference; name = "IRANYekanWebBlackFaNum.ttf"; path = "../src/assets/fonts/IRANYekanWebBlackFaNum.ttf"; sourceTree = "<group>"; fileEncoding = undefined; lastKnownFileType = unknown; explicitFileType = undefined; includeInIndex = 0; };
		AF32A6917A414BA1B2A74DD8 /* IRANYekanWebExtraBlack.ttf */ = {isa = PBXFileReference; name = "IRANYekanWebExtraBlack.ttf"; path = "../src/assets/fonts/IRANYekanWebExtraBlack.ttf"; sourceTree = "<group>"; fileEncoding = undefined; lastKnownFileType = unknown; explicitFileType = undefined; includeInIndex = 0; };
		0CB9D63AA8684282A3965306 /* IRANYekanWebExtraBlackFaNum.ttf */ = {isa = PBXFileReference; name = "IRANYekanWebExtraBlackFaNum.ttf"; path = "../src/assets/fonts/IRANYekanWebExtraBlackFaNum.ttf"; sourceTree = "<group>"; fileEncoding = undefined; lastKnownFileType = unknown; explicitFileType = undefined; includeInIndex = 0; };
		87963F1080054415B9A5110D /* IRANYekanWebExtraBold.ttf */ = {isa = PBXFileReference; name = "IRANYekanWebExtraBold.ttf"; path = "../src/assets/fonts/IRANYekanWebExtraBold.ttf"; sourceTree = "<group>"; fileEncoding = undefined; lastKnownFileType = unknown; explicitFileType = undefined; includeInIndex = 0; };
		4162A183901046F1A7795466 /* IRANYekanX-Bold.ttf */ = {isa = PBXFileReference; name = "IRANYekanX-Bold.ttf"; path = "../src/assets/fonts/IRANYekanX-Bold.ttf"; sourceTree = "<group>"; fileEncoding = undefined; lastKnownFileType = unknown; explicitFileType = undefined; includeInIndex = 0; };
		FAA8B735DCD2415C9A637AC4 /* KalamehWeb_Black.ttf */ = {isa = PBXFileReference; name = "KalamehWeb_Black.ttf"; path = "../src/assets/fonts/KalamehWeb_Black.ttf"; sourceTree = "<group>"; fileEncoding = undefined; lastKnownFileType = unknown; explicitFileType = undefined; includeInIndex = 0; };
		691A7AE2DB3B4656A4372F33 /* KalamehWeb_Bold.ttf */ = {isa = PBXFileReference; name = "KalamehWeb_Bold.ttf"; path = "../src/assets/fonts/KalamehWeb_Bold.ttf"; sourceTree = "<group>"; fileEncoding = undefined; lastKnownFileType = unknown; explicitFileType = undefined; includeInIndex = 0; };
		F701954BBF6A4B4E9BEA6B46 /* Peyda-Black.ttf */ = {isa = PBXFileReference; name = "Peyda-Black.ttf"; path = "../src/assets/fonts/Peyda-Black.ttf"; sourceTree = "<group>"; fileEncoding = undefined; lastKnownFileType = unknown; explicitFileType = undefined; includeInIndex = 0; };
		1B3F207382C548AFBA691618 /* Peyda-Bold.ttf */ = {isa = PBXFileReference; name = "Peyda-Bold.ttf"; path = "../src/assets/fonts/Peyda-Bold.ttf"; sourceTree = "<group>"; fileEncoding = undefined; lastKnownFileType = unknown; explicitFileType = undefined; includeInIndex = 0; };
		EF09EB044BF44F2CBD2BAD0E /* Peyda-ExtraBold.ttf */ = {isa = PBXFileReference; name = "Peyda-ExtraBold.ttf"; path = "../src/assets/fonts/Peyda-ExtraBold.ttf"; sourceTree = "<group>"; fileEncoding = undefined; lastKnownFileType = unknown; explicitFileType = undefined; includeInIndex = 0; };
		FAB533D282764190BCA609C5 /* PeydaFaNum-Black.ttf */ = {isa = PBXFileReference; name = "PeydaFaNum-Black.ttf"; path = "../src/assets/fonts/PeydaFaNum-Black.ttf"; sourceTree = "<group>"; fileEncoding = undefined; lastKnownFileType = unknown; explicitFileType = undefined; includeInIndex = 0; };
		42D32AEBC87E4DF2B4F99C1F /* PeydaFaNum-Bold.ttf */ = {isa = PBXFileReference; name = "PeydaFaNum-Bold.ttf"; path = "../src/assets/fonts/PeydaFaNum-Bold.ttf"; sourceTree = "<group>"; fileEncoding = undefined; lastKnownFileType = unknown; explicitFileType = undefined; includeInIndex = 0; };
		CA22E337CD814484BE9DCF19 /* PeydaFaNum-ExtraBold.ttf */ = {isa = PBXFileReference; name = "PeydaFaNum-ExtraBold.ttf"; path = "../src/assets/fonts/PeydaFaNum-ExtraBold.ttf"; sourceTree = "<group>"; fileEncoding = undefined; lastKnownFileType = unknown; explicitFileType = undefined; includeInIndex = 0; };
		B245CC50E1434F3386830A5C /* Roboto-Bold.ttf */ = {isa = PBXFileReference; name = "Roboto-Bold.ttf"; path = "../src/assets/fonts/Roboto-Bold.ttf"; sourceTree = "<group>"; fileEncoding = undefined; lastKnownFileType = unknown; explicitFileType = undefined; includeInIndex = 0; };
		E1BE003A60494F53B03A2443 /* Rokh-Black.ttf */ = {isa = PBXFileReference; name = "Rokh-Black.ttf"; path = "../src/assets/fonts/Rokh-Black.ttf"; sourceTree = "<group>"; fileEncoding = undefined; lastKnownFileType = unknown; explicitFileType = undefined; includeInIndex = 0; };
		D961481186284EC286A5853C /* Rokh-ExtraBold.ttf */ = {isa = PBXFileReference; name = "Rokh-ExtraBold.ttf"; path = "../src/assets/fonts/Rokh-ExtraBold.ttf"; sourceTree = "<group>"; fileEncoding = undefined; lastKnownFileType = unknown; explicitFileType = undefined; includeInIndex = 0; };
		AA35E2F6DB3C4DF3A00B18A9 /* RokhFaNum-Black.ttf */ = {isa = PBXFileReference; name = "RokhFaNum-Black.ttf"; path = "../src/assets/fonts/RokhFaNum-Black.ttf"; sourceTree = "<group>"; fileEncoding = undefined; lastKnownFileType = unknown; explicitFileType = undefined; includeInIndex = 0; };
		8960CB996D8048F590501B3A /* RokhFaNum-ExtraBold.ttf */ = {isa = PBXFileReference; name = "RokhFaNum-ExtraBold.ttf"; path = "../src/assets/fonts/RokhFaNum-ExtraBold.ttf"; sourceTree = "<group>"; fileEncoding = undefined; lastKnownFileType = unknown; explicitFileType = undefined; includeInIndex = 0; };
/* End PBXFileReference section */

/* Begin PBXFrameworksBuildPhase section */
		13B07F8C1A680F5B00A75B9A /* Frameworks */ = {
			isa = PBXFrameworksBuildPhase;
			buildActionMask = 2147483647;
			files = (
				0C80B921A6F3F58F76C31292 /* libPods-project.a in Frameworks */,
			);
			runOnlyForDeploymentPostprocessing = 0;
		};
/* End PBXFrameworksBuildPhase section */

/* Begin PBXGroup section */
		00E356F01AD99517003FC87E /* Supporting Files */ = {
			isa = PBXGroup;
			children = (
				00E356F11AD99517003FC87E /* Info.plist */,
			);
			name = "Supporting Files";
			sourceTree = "<group>";
		};
		13B07FAE1A68108700A75B9A /* project */ = {
			isa = PBXGroup;
			children = (
				13B07FB51A68108700A75B9A /* Images.xcassets */,
				761780EC2CA45674006654EE /* AppDelegate.swift */,
				13B07FB61A68108700A75B9A /* Info.plist */,
				81AB9BB72411601600AC10FF /* LaunchScreen.storyboard */,
				13B07FB81A68108700A75B9A /* PrivacyInfo.xcprivacy */,
			);
			name = project;
			sourceTree = "<group>";
		};
		2D16E6871FA4F8E400B85C8A /* Frameworks */ = {
			isa = PBXGroup;
			children = (
				ED297162215061F000B7C4FE /* JavaScriptCore.framework */,
				5DCACB8F33CDC322A6C60F78 /* libPods-project.a */,
			);
			name = Frameworks;
			sourceTree = "<group>";
		};
		832341AE1AAA6A7D00B99B32 /* Libraries */ = {
			isa = PBXGroup;
			children = (
			);
			name = Libraries;
			sourceTree = "<group>";
		};
		83CBB9F61A601CBA00E9B192 = {
			isa = PBXGroup;
			children = (
				13B07FAE1A68108700A75B9A /* project */,
				832341AE1AAA6A7D00B99B32 /* Libraries */,
				83CBBA001A601CBA00E9B192 /* Products */,
				2D16E6871FA4F8E400B85C8A /* Frameworks */,
				BBD78D7AC51CEA395F1C20DB /* Pods */,
				7169299D475F415D96304401 /* Resources */,
			);
			indentWidth = 2;
			sourceTree = "<group>";
			tabWidth = 2;
			usesTabs = 0;
		};
		83CBBA001A601CBA00E9B192 /* Products */ = {
			isa = PBXGroup;
			children = (
				13B07F961A680F5B00A75B9A /* project.app */,
			);
			name = Products;
			sourceTree = "<group>";
		};
		BBD78D7AC51CEA395F1C20DB /* Pods */ = {
			isa = PBXGroup;
			children = (
				3B4392A12AC88292D35C810B /* Pods-project.debug.xcconfig */,
				5709B34CF0A7D63546082F79 /* Pods-project.release.xcconfig */,
			);
			path = Pods;
			sourceTree = "<group>";
		};
		7169299D475F415D96304401 /* Resources */ = {
			isa = "PBXGroup";
			children = (
				57F876D2CD2B47638471B946 /* IRANSans(FaNum).ttf */,
				D7AE8C91901043C3A551FEE7 /* IRANSans(FaNum)_Black.ttf */,
				129DD9DAD63E4407BC256758 /* IRANSans(FaNum)_Bold.ttf */,
				43C005AA14C841C0A5C037F9 /* IRANSans(FaNum)_Light.ttf */,
				9F9B3CF788354579A1B8157C /* IRANSans(FaNum)_Medium.ttf */,
				2035FF5E96714B7EA20EF93A /* IRANSans(FaNum)_UltraLight.ttf */,
				81921FB3A77446C2A947556B /* IRANSans.ttf */,
				A894F602B41D4530886AC340 /* IRANSans_Black.ttf */,
				8B529B34053D4B19956B27F6 /* IRANSans_Bold.ttf */,
				9920210F21734CE9A717077C /* IRANSans_Light.ttf */,
				AE6725C973CA4E2384CDBE77 /* IRANSans_Medium.ttf */,
				2A034EACA95C44B2A0861777 /* IRANSans_UltraLight.ttf */,
				A199462AEC6E44B094EECCDA /* YekanBakhFaNum-Black.ttf */,
				24743C29B3764DF983E65E1C /* YekanBakhFaNum-Bold.ttf */,
				E0F1547FA8164F7382B35288 /* YekanBakhFaNum-ExtraBlack.ttf */,
				D5FA624C03454C87894150A7 /* YekanBakhFaNum-ExtraBold.ttf */,
				0D563AC3E9D04FE1AFF2A4F1 /* YekanBakhFaNum-Light.ttf */,
				32A399B4C7B54FB38B4853DD /* YekanBakhFaNum-Regular.ttf */,
				1F4B5B5EBF1644359A94070C /* YekanBakhFaNum-SemiBold.ttf */,
				D744AAB1966949F78ADECA8A /* YekanBakhFaNum-Thin.ttf */,
				A89D7CA33E374B1BB8F5A925 /* Dana-Black.ttf */,
				20F079DBA42546619927A604 /* Dana-Bold.ttf */,
				1696E0FE78F74DB6B81C869A /* DanaFaNum-Black.ttf */,
				EF734DD08DC143949CB40C99 /* DanaFaNum-Bold.ttf */,
				E89F7E89869C4E5088AEDDF0 /* IRANYekanWebBlack.ttf */,
				D10928F3F28041FA9282D062 /* IRANYekanWebBlackFaNum.ttf */,
				AF32A6917A414BA1B2A74DD8 /* IRANYekanWebExtraBlack.ttf */,
				0CB9D63AA8684282A3965306 /* IRANYekanWebExtraBlackFaNum.ttf */,
				87963F1080054415B9A5110D /* IRANYekanWebExtraBold.ttf */,
				4162A183901046F1A7795466 /* IRANYekanX-Bold.ttf */,
				FAA8B735DCD2415C9A637AC4 /* KalamehWeb_Black.ttf */,
				691A7AE2DB3B4656A4372F33 /* KalamehWeb_Bold.ttf */,
				F701954BBF6A4B4E9BEA6B46 /* Peyda-Black.ttf */,
				1B3F207382C548AFBA691618 /* Peyda-Bold.ttf */,
				EF09EB044BF44F2CBD2BAD0E /* Peyda-ExtraBold.ttf */,
				FAB533D282764190BCA609C5 /* PeydaFaNum-Black.ttf */,
				42D32AEBC87E4DF2B4F99C1F /* PeydaFaNum-Bold.ttf */,
				CA22E337CD814484BE9DCF19 /* PeydaFaNum-ExtraBold.ttf */,
				B245CC50E1434F3386830A5C /* Roboto-Bold.ttf */,
				E1BE003A60494F53B03A2443 /* Rokh-Black.ttf */,
				D961481186284EC286A5853C /* Rokh-ExtraBold.ttf */,
				AA35E2F6DB3C4DF3A00B18A9 /* RokhFaNum-Black.ttf */,
				8960CB996D8048F590501B3A /* RokhFaNum-ExtraBold.ttf */,
			);
			name = Resources;
			sourceTree = "<group>";
			path = "";
		};
/* End PBXGroup section */

/* Begin PBXNativeTarget section */
		13B07F861A680F5B00A75B9A /* project */ = {
			isa = PBXNativeTarget;
			buildConfigurationList = 13B07F931A680F5B00A75B9A /* Build configuration list for PBXNativeTarget "project" */;
			buildPhases = (
				C38B50BA6285516D6DCD4F65 /* [CP] Check Pods Manifest.lock */,
				13B07F871A680F5B00A75B9A /* Sources */,
				13B07F8C1A680F5B00A75B9A /* Frameworks */,
				13B07F8E1A680F5B00A75B9A /* Resources */,
				00DD1BFF1BD5951E006B06BC /* Bundle React Native code and images */,
				00EEFC60759A1932668264C0 /* [CP] Embed Pods Frameworks */,
				E235C05ADACE081382539298 /* [CP] Copy Pods Resources */,
			);
			buildRules = (
			);
			dependencies = (
			);
			name = project;
			productName = project;
			productReference = 13B07F961A680F5B00A75B9A /* project.app */;
			productType = "com.apple.product-type.application";
		};
/* End PBXNativeTarget section */

/* Begin PBXProject section */
		83CBB9F71A601CBA00E9B192 /* Project object */ = {
			isa = PBXProject;
			attributes = {
				LastUpgradeCheck = 1210;
				TargetAttributes = {
					13B07F861A680F5B00A75B9A = {
						LastSwiftMigration = 1120;
					};
				};
			};
			buildConfigurationList = 83CBB9FA1A601CBA00E9B192 /* Build configuration list for PBXProject "project" */;
			compatibilityVersion = "Xcode 12.0";
			developmentRegion = en;
			hasScannedForEncodings = 0;
			knownRegions = (
				en,
				Base,
			);
			mainGroup = 83CBB9F61A601CBA00E9B192;
			productRefGroup = 83CBBA001A601CBA00E9B192 /* Products */;
			projectDirPath = "";
			projectRoot = "";
			targets = (
				13B07F861A680F5B00A75B9A /* project */,
			);
		};
/* End PBXProject section */

/* Begin PBXResourcesBuildPhase section */
		00E356EC1AD99517003FC87E /* Resources */ = {
			isa = PBXResourcesBuildPhase;
			buildActionMask = 2147483647;
			files = (
			);
			runOnlyForDeploymentPostprocessing = 0;
		};
		13B07F8E1A680F5B00A75B9A /* Resources */ = {
			isa = PBXResourcesBuildPhase;
			buildActionMask = 2147483647;
			files = (
				81AB9BB82411601600AC10FF /* LaunchScreen.storyboard in Resources */,
				13B07FBF1A68108700A75B9A /* Images.xcassets in Resources */,
				247906A1FC9D470AA29F9B12 /* IRANSans(FaNum).ttf in Resources */,
				5A93215700E84721A6111F3E /* IRANSans(FaNum)_Black.ttf in Resources */,
				63F8552815194E2D9BDC3D89 /* IRANSans(FaNum)_Bold.ttf in Resources */,
				0C1249401A9D4AAFA95EB326 /* IRANSans(FaNum)_Light.ttf in Resources */,
				393571C4CC9B459E94ECA5C6 /* IRANSans(FaNum)_Medium.ttf in Resources */,
				8FD4254A19024EF38A1E7481 /* IRANSans(FaNum)_UltraLight.ttf in Resources */,
				F67C1B24508645CDAA82BA59 /* IRANSans.ttf in Resources */,
				9E7BED0DA3504BD2B52EEF96 /* IRANSans_Black.ttf in Resources */,
				70315F051905418F8C896DDB /* IRANSans_Bold.ttf in Resources */,
				ED1B431AC1BB4A85AE8F86C4 /* IRANSans_Light.ttf in Resources */,
				220D6A0D694441A192E4ECF4 /* IRANSans_Medium.ttf in Resources */,
				0F8C517DA6364CE4B94EEF69 /* IRANSans_UltraLight.ttf in Resources */,
				6D18A0FA3C9A4C97A3D1C435 /* YekanBakhFaNum-Black.ttf in Resources */,
				078F5F57545B47C0A1D61023 /* YekanBakhFaNum-Bold.ttf in Resources */,
				2EAEAEA05AB0427B854CF49B /* YekanBakhFaNum-ExtraBlack.ttf in Resources */,
				2AF1A90C09B24B6199F9181F /* YekanBakhFaNum-ExtraBold.ttf in Resources */,
				DA6C9326FDDB4C1188A315E6 /* YekanBakhFaNum-Light.ttf in Resources */,
				EB76F023AC38462A8377EE7D /* YekanBakhFaNum-Regular.ttf in Resources */,
				238607C96DA24CBC84141DC8 /* YekanBakhFaNum-SemiBold.ttf in Resources */,
				90BDC5823EA94E269A65350B /* YekanBakhFaNum-Thin.ttf in Resources */,
				C6C2B0EDE95E415D92DF48DD /* Dana-Black.ttf in Resources */,
				CA8110E7D2EC4633B8162893 /* Dana-Bold.ttf in Resources */,
				72A061B419A14CF487124CD2 /* DanaFaNum-Black.ttf in Resources */,
				93F7D3C22DB5449487C5F6B7 /* DanaFaNum-Bold.ttf in Resources */,
				B5846BCBB3824D4B8698F67C /* IRANYekanWebBlack.ttf in Resources */,
				DAE5609B2ACF43C3AD826513 /* IRANYekanWebBlackFaNum.ttf in Resources */,
				A9191A45BB50428D84B391F3 /* IRANYekanWebExtraBlack.ttf in Resources */,
				D6938628CEB8418F83F399B2 /* IRANYekanWebExtraBlackFaNum.ttf in Resources */,
				F3C3FEF702154201985C5EC9 /* IRANYekanWebExtraBold.ttf in Resources */,
				DAE9EDF5077D4F56B0A4B7B8 /* IRANYekanX-Bold.ttf in Resources */,
				19DFD4BF5B1A4A8E889E4D60 /* KalamehWeb_Black.ttf in Resources */,
				EF6B47A5E3E5484DB1B88D82 /* KalamehWeb_Bold.ttf in Resources */,
				131F5FD2E64D430FBB852398 /* Peyda-Black.ttf in Resources */,
				DA67207721CE446786083D73 /* Peyda-Bold.ttf in Resources */,
				7F6898E3E59B45F9A7E85042 /* Peyda-ExtraBold.ttf in Resources */,
				355AA6875A87457CB36D6B63 /* PeydaFaNum-Black.ttf in Resources */,
				B923B8CFE6CC45E8AF472706 /* PeydaFaNum-Bold.ttf in Resources */,
				46A4D04751B340A6A297CF99 /* PeydaFaNum-ExtraBold.ttf in Resources */,
				C3E070604834432FBD3CD7C6 /* Roboto-Bold.ttf in Resources */,
				D4DDD1AAD04640B5AC537F0E /* Rokh-Black.ttf in Resources */,
				9216632D37BE44B3A40F82A6 /* Rokh-ExtraBold.ttf in Resources */,
				1C76F8008A8C45759A827FA4 /* RokhFaNum-Black.ttf in Resources */,
				B520E034F37F4799953E753B /* RokhFaNum-ExtraBold.ttf in Resources */,
			);
			runOnlyForDeploymentPostprocessing = 0;
		};
/* End PBXResourcesBuildPhase section */

/* Begin PBXShellScriptBuildPhase section */
		00DD1BFF1BD5951E006B06BC /* Bundle React Native code and images */ = {
			isa = PBXShellScriptBuildPhase;
			buildActionMask = 2147483647;
			files = (
			);
			inputPaths = (
				"$(SRCROOT)/.xcode.env.local",
				"$(SRCROOT)/.xcode.env",
			);
			name = "Bundle React Native code and images";
			outputPaths = (
			);
			runOnlyForDeploymentPostprocessing = 0;
			shellPath = /bin/sh;
			shellScript = "set -e\n\nWITH_ENVIRONMENT=\"$REACT_NATIVE_PATH/scripts/xcode/with-environment.sh\"\nREACT_NATIVE_XCODE=\"$REACT_NATIVE_PATH/scripts/react-native-xcode.sh\"\n\n/bin/sh -c \"$WITH_ENVIRONMENT $REACT_NATIVE_XCODE\"\n";
		};
		00EEFC60759A1932668264C0 /* [CP] Embed Pods Frameworks */ = {
			isa = PBXShellScriptBuildPhase;
			buildActionMask = 2147483647;
			files = (
			);
			inputFileListPaths = (
				"${PODS_ROOT}/Target Support Files/Pods-project/Pods-project-frameworks-${CONFIGURATION}-input-files.xcfilelist",
			);
			name = "[CP] Embed Pods Frameworks";
			outputFileListPaths = (
				"${PODS_ROOT}/Target Support Files/Pods-project/Pods-project-frameworks-${CONFIGURATION}-output-files.xcfilelist",
			);
			runOnlyForDeploymentPostprocessing = 0;
			shellPath = /bin/sh;
			shellScript = "\"${PODS_ROOT}/Target Support Files/Pods-project/Pods-project-frameworks.sh\"\n";
			showEnvVarsInLog = 0;
		};
		C38B50BA6285516D6DCD4F65 /* [CP] Check Pods Manifest.lock */ = {
			isa = PBXShellScriptBuildPhase;
			buildActionMask = 2147483647;
			files = (
			);
			inputFileListPaths = (
			);
			inputPaths = (
				"${PODS_PODFILE_DIR_PATH}/Podfile.lock",
				"${PODS_ROOT}/Manifest.lock",
			);
			name = "[CP] Check Pods Manifest.lock";
			outputFileListPaths = (
			);
			outputPaths = (
				"$(DERIVED_FILE_DIR)/Pods-project-checkManifestLockResult.txt",
			);
			runOnlyForDeploymentPostprocessing = 0;
			shellPath = /bin/sh;
			shellScript = "diff \"${PODS_PODFILE_DIR_PATH}/Podfile.lock\" \"${PODS_ROOT}/Manifest.lock\" > /dev/null\nif [ $? != 0 ] ; then\n    # print error to STDERR\n    echo \"error: The sandbox is not in sync with the Podfile.lock. Run 'pod install' or update your CocoaPods installation.\" >&2\n    exit 1\nfi\n# This output is used by Xcode 'outputs' to avoid re-running this script phase.\necho \"SUCCESS\" > \"${SCRIPT_OUTPUT_FILE_0}\"\n";
			showEnvVarsInLog = 0;
		};
		E235C05ADACE081382539298 /* [CP] Copy Pods Resources */ = {
			isa = PBXShellScriptBuildPhase;
			buildActionMask = 2147483647;
			files = (
			);
			inputFileListPaths = (
				"${PODS_ROOT}/Target Support Files/Pods-project/Pods-project-resources-${CONFIGURATION}-input-files.xcfilelist",
			);
			name = "[CP] Copy Pods Resources";
			outputFileListPaths = (
				"${PODS_ROOT}/Target Support Files/Pods-project/Pods-project-resources-${CONFIGURATION}-output-files.xcfilelist",
			);
			runOnlyForDeploymentPostprocessing = 0;
			shellPath = /bin/sh;
			shellScript = "\"${PODS_ROOT}/Target Support Files/Pods-project/Pods-project-resources.sh\"\n";
			showEnvVarsInLog = 0;
		};
/* End PBXShellScriptBuildPhase section */

/* Begin PBXSourcesBuildPhase section */
		13B07F871A680F5B00A75B9A /* Sources */ = {
			isa = PBXSourcesBuildPhase;
			buildActionMask = 2147483647;
			files = (
				761780ED2CA45674006654EE /* AppDelegate.swift in Sources */,
			);
			runOnlyForDeploymentPostprocessing = 0;
		};
/* End PBXSourcesBuildPhase section */

/* Begin PBXTargetDependency section */
		00E356F51AD99517003FC87E /* PBXTargetDependency */ = {
			isa = PBXTargetDependency;
			target = 13B07F861A680F5B00A75B9A /* project */;
			targetProxy = 00E356F41AD99517003FC87E /* PBXContainerItemProxy */;
		};
/* End PBXTargetDependency section */

/* Begin XCBuildConfiguration section */
		13B07F941A680F5B00A75B9A /* Debug */ = {
			isa = XCBuildConfiguration;
			baseConfigurationReference = 3B4392A12AC88292D35C810B /* Pods-project.debug.xcconfig */;
			buildSettings = {
				ASSETCATALOG_COMPILER_APPICON_NAME = AppIcon;
				CLANG_ENABLE_MODULES = YES;
				CURRENT_PROJECT_VERSION = 1;
				ENABLE_BITCODE = NO;
				INFOPLIST_FILE = project/Info.plist;
				IPHONEOS_DEPLOYMENT_TARGET = 15.1;
				LD_RUNPATH_SEARCH_PATHS = (
					"$(inherited)",
					"@executable_path/Frameworks",
				);
				MARKETING_VERSION = 1.0;
				OTHER_LDFLAGS = (
					"$(inherited)",
					"-ObjC",
					"-lc++",
				);
				PRODUCT_BUNDLE_IDENTIFIER = "org.reactjs.native.example.$(PRODUCT_NAME:rfc1034identifier)";
				PRODUCT_NAME = project;
				SWIFT_OPTIMIZATION_LEVEL = "-Onone";
				SWIFT_VERSION = 5.0;
				VERSIONING_SYSTEM = "apple-generic";
			};
			name = Debug;
		};
		13B07F951A680F5B00A75B9A /* Release */ = {
			isa = XCBuildConfiguration;
			baseConfigurationReference = 5709B34CF0A7D63546082F79 /* Pods-project.release.xcconfig */;
			buildSettings = {
				ASSETCATALOG_COMPILER_APPICON_NAME = AppIcon;
				CLANG_ENABLE_MODULES = YES;
				CURRENT_PROJECT_VERSION = 1;
				INFOPLIST_FILE = project/Info.plist;
				IPHONEOS_DEPLOYMENT_TARGET = 15.1;
				LD_RUNPATH_SEARCH_PATHS = (
					"$(inherited)",
					"@executable_path/Frameworks",
				);
				MARKETING_VERSION = 1.0;
				OTHER_LDFLAGS = (
					"$(inherited)",
					"-ObjC",
					"-lc++",
				);
				PRODUCT_BUNDLE_IDENTIFIER = "org.reactjs.native.example.$(PRODUCT_NAME:rfc1034identifier)";
				PRODUCT_NAME = project;
				SWIFT_VERSION = 5.0;
				VERSIONING_SYSTEM = "apple-generic";
			};
			name = Release;
		};
		83CBBA201A601CBA00E9B192 /* Debug */ = {
			isa = XCBuildConfiguration;
			buildSettings = {
				ALWAYS_SEARCH_USER_PATHS = NO;
				CLANG_ANALYZER_LOCALIZABILITY_NONLOCALIZED = YES;
				CLANG_CXX_LANGUAGE_STANDARD = "c++20";
				CLANG_CXX_LIBRARY = "libc++";
				CLANG_ENABLE_MODULES = YES;
				CLANG_ENABLE_OBJC_ARC = YES;
				CLANG_WARN_BLOCK_CAPTURE_AUTORELEASING = YES;
				CLANG_WARN_BOOL_CONVERSION = YES;
				CLANG_WARN_COMMA = YES;
				CLANG_WARN_CONSTANT_CONVERSION = YES;
				CLANG_WARN_DEPRECATED_OBJC_IMPLEMENTATIONS = YES;
				CLANG_WARN_DIRECT_OBJC_ISA_USAGE = YES_ERROR;
				CLANG_WARN_EMPTY_BODY = YES;
				CLANG_WARN_ENUM_CONVERSION = YES;
				CLANG_WARN_INFINITE_RECURSION = YES;
				CLANG_WARN_INT_CONVERSION = YES;
				CLANG_WARN_NON_LITERAL_NULL_CONVERSION = YES;
				CLANG_WARN_OBJC_IMPLICIT_RETAIN_SELF = YES;
				CLANG_WARN_OBJC_LITERAL_CONVERSION = YES;
				CLANG_WARN_OBJC_ROOT_CLASS = YES_ERROR;
				CLANG_WARN_QUOTED_INCLUDE_IN_FRAMEWORK_HEADER = YES;
				CLANG_WARN_RANGE_LOOP_ANALYSIS = YES;
				CLANG_WARN_STRICT_PROTOTYPES = YES;
				CLANG_WARN_SUSPICIOUS_MOVE = YES;
				CLANG_WARN_UNREACHABLE_CODE = YES;
				CLANG_WARN__DUPLICATE_METHOD_MATCH = YES;
				"CODE_SIGN_IDENTITY[sdk=iphoneos*]" = "iPhone Developer";
				COPY_PHASE_STRIP = NO;
				ENABLE_STRICT_OBJC_MSGSEND = YES;
				ENABLE_TESTABILITY = YES;
				"EXCLUDED_ARCHS[sdk=iphonesimulator*]" = "";
				GCC_C_LANGUAGE_STANDARD = gnu99;
				GCC_DYNAMIC_NO_PIC = NO;
				GCC_NO_COMMON_BLOCKS = YES;
				GCC_OPTIMIZATION_LEVEL = 0;
				GCC_PREPROCESSOR_DEFINITIONS = (
					"DEBUG=1",
					"$(inherited)",
				);
				GCC_SYMBOLS_PRIVATE_EXTERN = NO;
				GCC_WARN_64_TO_32_BIT_CONVERSION = YES;
				GCC_WARN_ABOUT_RETURN_TYPE = YES_ERROR;
				GCC_WARN_UNDECLARED_SELECTOR = YES;
				GCC_WARN_UNINITIALIZED_AUTOS = YES_AGGRESSIVE;
				GCC_WARN_UNUSED_FUNCTION = YES;
				GCC_WARN_UNUSED_VARIABLE = YES;
				IPHONEOS_DEPLOYMENT_TARGET = 15.1;
				LD_RUNPATH_SEARCH_PATHS = (
					/usr/lib/swift,
					"$(inherited)",
				);
				LIBRARY_SEARCH_PATHS = (
					"\"$(SDKROOT)/usr/lib/swift\"",
					"\"$(TOOLCHAIN_DIR)/usr/lib/swift/$(PLATFORM_NAME)\"",
					"\"$(inherited)\"",
				);
				MTL_ENABLE_DEBUG_INFO = YES;
				ONLY_ACTIVE_ARCH = YES;
				OTHER_CPLUSPLUSFLAGS = (
					"$(OTHER_CFLAGS)",
					"-DFOLLY_NO_CONFIG",
					"-DFOLLY_MOBILE=1",
					"-DFOLLY_USE_LIBCPP=1",
					"-DFOLLY_CFG_NO_COROUTINES=1",
					"-DFOLLY_HAVE_CLOCK_GETTIME=1",
				);
				SDKROOT = iphoneos;
			};
			name = Debug;
		};
		83CBBA211A601CBA00E9B192 /* Release */ = {
			isa = XCBuildConfiguration;
			buildSettings = {
				ALWAYS_SEARCH_USER_PATHS = NO;
				CLANG_ANALYZER_LOCALIZABILITY_NONLOCALIZED = YES;
				CLANG_CXX_LANGUAGE_STANDARD = "c++20";
				CLANG_CXX_LIBRARY = "libc++";
				CLANG_ENABLE_MODULES = YES;
				CLANG_ENABLE_OBJC_ARC = YES;
				CLANG_WARN_BLOCK_CAPTURE_AUTORELEASING = YES;
				CLANG_WARN_BOOL_CONVERSION = YES;
				CLANG_WARN_COMMA = YES;
				CLANG_WARN_CONSTANT_CONVERSION = YES;
				CLANG_WARN_DEPRECATED_OBJC_IMPLEMENTATIONS = YES;
				CLANG_WARN_DIRECT_OBJC_ISA_USAGE = YES_ERROR;
				CLANG_WARN_EMPTY_BODY = YES;
				CLANG_WARN_ENUM_CONVERSION = YES;
				CLANG_WARN_INFINITE_RECURSION = YES;
				CLANG_WARN_INT_CONVERSION = YES;
				CLANG_WARN_NON_LITERAL_NULL_CONVERSION = YES;
				CLANG_WARN_OBJC_IMPLICIT_RETAIN_SELF = YES;
				CLANG_WARN_OBJC_LITERAL_CONVERSION = YES;
				CLANG_WARN_OBJC_ROOT_CLASS = YES_ERROR;
				CLANG_WARN_QUOTED_INCLUDE_IN_FRAMEWORK_HEADER = YES;
				CLANG_WARN_RANGE_LOOP_ANALYSIS = YES;
				CLANG_WARN_STRICT_PROTOTYPES = YES;
				CLANG_WARN_SUSPICIOUS_MOVE = YES;
				CLANG_WARN_UNREACHABLE_CODE = YES;
				CLANG_WARN__DUPLICATE_METHOD_MATCH = YES;
				"CODE_SIGN_IDENTITY[sdk=iphoneos*]" = "iPhone Developer";
				COPY_PHASE_STRIP = YES;
				ENABLE_NS_ASSERTIONS = NO;
				ENABLE_STRICT_OBJC_MSGSEND = YES;
				"EXCLUDED_ARCHS[sdk=iphonesimulator*]" = "";
				GCC_C_LANGUAGE_STANDARD = gnu99;
				GCC_NO_COMMON_BLOCKS = YES;
				GCC_WARN_64_TO_32_BIT_CONVERSION = YES;
				GCC_WARN_ABOUT_RETURN_TYPE = YES_ERROR;
				GCC_WARN_UNDECLARED_SELECTOR = YES;
				GCC_WARN_UNINITIALIZED_AUTOS = YES_AGGRESSIVE;
				GCC_WARN_UNUSED_FUNCTION = YES;
				GCC_WARN_UNUSED_VARIABLE = YES;
				IPHONEOS_DEPLOYMENT_TARGET = 15.1;
				LD_RUNPATH_SEARCH_PATHS = (
					/usr/lib/swift,
					"$(inherited)",
				);
				LIBRARY_SEARCH_PATHS = (
					"\"$(SDKROOT)/usr/lib/swift\"",
					"\"$(TOOLCHAIN_DIR)/usr/lib/swift/$(PLATFORM_NAME)\"",
					"\"$(inherited)\"",
				);
				MTL_ENABLE_DEBUG_INFO = NO;
				OTHER_CPLUSPLUSFLAGS = (
					"$(OTHER_CFLAGS)",
					"-DFOLLY_NO_CONFIG",
					"-DFOLLY_MOBILE=1",
					"-DFOLLY_USE_LIBCPP=1",
					"-DFOLLY_CFG_NO_COROUTINES=1",
					"-DFOLLY_HAVE_CLOCK_GETTIME=1",
				);
				SDKROOT = iphoneos;
				VALIDATE_PRODUCT = YES;
			};
			name = Release;
		};
/* End XCBuildConfiguration section */

/* Begin XCConfigurationList section */
		13B07F931A680F5B00A75B9A /* Build configuration list for PBXNativeTarget "project" */ = {
			isa = XCConfigurationList;
			buildConfigurations = (
				13B07F941A680F5B00A75B9A /* Debug */,
				13B07F951A680F5B00A75B9A /* Release */,
			);
			defaultConfigurationIsVisible = 0;
			defaultConfigurationName = Release;
		};
		83CBB9FA1A601CBA00E9B192 /* Build configuration list for PBXProject "project" */ = {
			isa = XCConfigurationList;
			buildConfigurations = (
				83CBBA201A601CBA00E9B192 /* Debug */,
				83CBBA211A601CBA00E9B192 /* Release */,
			);
			defaultConfigurationIsVisible = 0;
			defaultConfigurationName = Release;
		};
/* End XCConfigurationList section */
	};
	rootObject = 83CBB9F71A601CBA00E9B192 /* Project object */;
}
